
Microsoft Visual Studio Solution File, Format Version 12.00
# Visual Studio Version 17
VisualStudioVersion = 17.0.31903.59
MinimumVisualStudioVersion = 10.0.40219.1
Project("{FAE04EC0-301F-11D3-BF4B-00C04F79EFBC}") = "BookTracker.Api", "BookTracker.Api\BookTracker.Api.csproj", "{AB10238E-5048-4135-9235-C96840FC58F1}"
EndProject
Project("{FAE04EC0-301F-11D3-BF4B-00C04F79EFBC}") = "BookTracker.Api.Tests", "BookTracker.Api.Tests\BookTracker.Api.Tests.csproj", "{52E147B9-5001-4D6E-BDAA-D0102817F4B5}"
EndProject
Global
	GlobalSection(SolutionConfigurationPlatforms) = preSolution
		Debug|Any CPU = Debug|Any CPU
		Debug|x64 = Debug|x64
		Debug|x86 = Debug|x86
		Release|Any CPU = Release|Any CPU
		Release|x64 = Release|x64
		Release|x86 = Release|x86
	EndGlobalSection
	GlobalSection(ProjectConfigurationPlatforms) = postSolution
		{AB10238E-5048-4135-9235-C96840FC58F1}.Debug|Any CPU.ActiveCfg = Debug|Any CPU
		{AB10238E-5048-4135-9235-C96840FC58F1}.Debug|Any CPU.Build.0 = Debug|Any CPU
		{AB10238E-5048-4135-9235-C96840FC58F1}.Debug|x64.ActiveCfg = Debug|Any CPU
		{AB10238E-5048-4135-9235-C96840FC58F1}.Debug|x64.Build.0 = Debug|Any CPU
		{AB10238E-5048-4135-9235-C96840FC58F1}.Debug|x86.ActiveCfg = Debug|Any CPU
		{AB10238E-5048-4135-9235-C96840FC58F1}.Debug|x86.Build.0 = Debug|Any CPU
		{AB10238E-5048-4135-9235-C96840FC58F1}.Release|Any CPU.ActiveCfg = Release|Any CPU
		{AB10238E-5048-4135-9235-C96840FC58F1}.Release|Any CPU.Build.0 = Release|Any CPU
		{AB10238E-5048-4135-9235-C96840FC58F1}.Release|x64.ActiveCfg = Release|Any CPU
		{AB10238E-5048-4135-9235-C96840FC58F1}.Release|x64.Build.0 = Release|Any CPU
		{AB10238E-5048-4135-9235-C96840FC58F1}.Release|x86.ActiveCfg = Release|Any CPU
		{AB10238E-5048-4135-9235-C96840FC58F1}.Release|x86.Build.0 = Release|Any CPU
		{52E147B9-5001-4D6E-BDAA-D0102817F4B5}.Debug|Any CPU.ActiveCfg = Debug|Any CPU
		{52E147B9-5001-4D6E-BDAA-D0102817F4B5}.Debug|Any CPU.Build.0 = Debug|Any CPU
		{52E147B9-5001-4D6E-BDAA-D0102817F4B5}.Debug|x64.ActiveCfg = Debug|Any CPU
		{52E147B9-5001-4D6E-BDAA-D0102817F4B5}.Debug|x64.Build.0 = Debug|Any CPU
		{52E147B9-5001-4D6E-BDAA-D0102817F4B5}.Debug|x86.ActiveCfg = Debug|Any CPU
		{52E147B9-5001-4D6E-BDAA-D0102817F4B5}.Debug|x86.Build.0 = Debug|Any CPU
		{52E147B9-5001-4D6E-BDAA-D0102817F4B5}.Release|Any CPU.ActiveCfg = Release|Any CPU
		{52E147B9-5001-4D6E-BDAA-D0102817F4B5}.Release|Any CPU.Build.0 = Release|Any CPU
		{52E147B9-5001-4D6E-BDAA-D0102817F4B5}.Release|x64.ActiveCfg = Release|Any CPU
		{52E147B9-5001-4D6E-BDAA-D0102817F4B5}.Release|x64.Build.0 = Release|Any CPU
		{52E147B9-5001-4D6E-BDAA-D0102817F4B5}.Release|x86.ActiveCfg = Release|Any CPU
		{52E147B9-5001-4D6E-BDAA-D0102817F4B5}.Release|x86.Build.0 = Release|Any CPU
	EndGlobalSection
	GlobalSection(SolutionProperties) = preSolution
		HideSolutionNode = FALSE
	EndGlobalSection
EndGlobal
